// !$*UTF8*$!
{
	archiveVersion = 1;
	classes = {
	};
	objectVersion = 51;
	objects = {

/* Begin PBXBuildFile section */
		3166E15354AEF7EFE3138478 /* Pods_Pingd.framework in Frameworks */ = {isa = PBXBuildFile; fileRef = C186E51211920017A893D995 /* Pods_Pingd.framework */; };
		5D39EDED23CC03FA00043218 /* AppDelegate.swift in Sources */ = {isa = PBXBuildFile; fileRef = 5D39EDEC23CC03FA00043218 /* AppDelegate.swift */; };
		5D39EDEF23CC03FA00043218 /* SceneDelegate.swift in Sources */ = {isa = PBXBuildFile; fileRef = 5D39EDEE23CC03FA00043218 /* SceneDelegate.swift */; };
		5D39EDF423CC03FA00043218 /* Main.storyboard in Resources */ = {isa = PBXBuildFile; fileRef = 5D39EDF223CC03FA00043218 /* Main.storyboard */; };
		5D39EDF623CC03FC00043218 /* Assets.xcassets in Resources */ = {isa = PBXBuildFile; fileRef = 5D39EDF523CC03FC00043218 /* Assets.xcassets */; };
		5D39EDF923CC03FC00043218 /* LaunchScreen.storyboard in Resources */ = {isa = PBXBuildFile; fileRef = 5D39EDF723CC03FC00043218 /* LaunchScreen.storyboard */; };
		5D39EE0523CC144800043218 /* unicode.arialr.ttf in Resources */ = {isa = PBXBuildFile; fileRef = 5D39EE0423CC144800043218 /* unicode.arialr.ttf */; };
		5D39EE0923CFF48100043218 /* Onboarding.storyboard in Resources */ = {isa = PBXBuildFile; fileRef = 5D39EE0823CFF48100043218 /* Onboarding.storyboard */; };
		5D39EE0B23D0075000043218 /* OnboardingContentViewController.swift in Sources */ = {isa = PBXBuildFile; fileRef = 5D39EE0A23D0075000043218 /* OnboardingContentViewController.swift */; };
		5D39EE0D23D00D7200043218 /* OnboardingPageViewController.swift in Sources */ = {isa = PBXBuildFile; fileRef = 5D39EE0C23D00D7200043218 /* OnboardingPageViewController.swift */; };
		5D39EE0F23D0123400043218 /* OnboardingViewController.swift in Sources */ = {isa = PBXBuildFile; fileRef = 5D39EE0E23D0123400043218 /* OnboardingViewController.swift */; };
		5D39EE1123D0172000043218 /* MainViewController.swift in Sources */ = {isa = PBXBuildFile; fileRef = 5D39EE1023D0172000043218 /* MainViewController.swift */; };
		5D644B7D23E76822005F0720 /* Verify.storyboard in Resources */ = {isa = PBXBuildFile; fileRef = 5D644B7C23E76822005F0720 /* Verify.storyboard */; };
		5D644B7F23E770F2005F0720 /* VerifyViewController.swift in Sources */ = {isa = PBXBuildFile; fileRef = 5D644B7E23E770F2005F0720 /* VerifyViewController.swift */; };
		5D9F24B823D3592E0045E325 /* Login.storyboard in Resources */ = {isa = PBXBuildFile; fileRef = 5D9F24B723D3592E0045E325 /* Login.storyboard */; };
		5D9F24BA23D368100045E325 /* LoginViewController.swift in Sources */ = {isa = PBXBuildFile; fileRef = 5D9F24B923D368100045E325 /* LoginViewController.swift */; };
		5D9F24BD23D36C460045E325 /* UITextField.swift in Sources */ = {isa = PBXBuildFile; fileRef = 5D9F24BC23D36C460045E325 /* UITextField.swift */; };
		5D9F24C223D381700045E325 /* UIColor.swift in Sources */ = {isa = PBXBuildFile; fileRef = 5D9F24C123D381700045E325 /* UIColor.swift */; };
		5D9F24C523D5F57D0045E325 /* Register.storyboard in Resources */ = {isa = PBXBuildFile; fileRef = 5D9F24C423D5F57D0045E325 /* Register.storyboard */; };
		5D9F24C723D617C10045E325 /* RegisterViewController.swift in Sources */ = {isa = PBXBuildFile; fileRef = 5D9F24C623D617C10045E325 /* RegisterViewController.swift */; };
		5D9F24C923D618810045E325 /* RegisterPageViewController.swift in Sources */ = {isa = PBXBuildFile; fileRef = 5D9F24C823D618810045E325 /* RegisterPageViewController.swift */; };
		5D9F24CF23D650070045E325 /* RegisterContentViewController.swift in Sources */ = {isa = PBXBuildFile; fileRef = 5D9F24CE23D650070045E325 /* RegisterContentViewController.swift */; };
		5D9F24D123D6CCF80045E325 /* UIButton.swift in Sources */ = {isa = PBXBuildFile; fileRef = 5D9F24D023D6CCF70045E325 /* UIButton.swift */; };
		5D9F24D323D800050045E325 /* String.swift in Sources */ = {isa = PBXBuildFile; fileRef = 5D9F24D223D800040045E325 /* String.swift */; };
		5D9F24DE23D946D60045E325 /* SlideAnimator.swift in Sources */ = {isa = PBXBuildFile; fileRef = 5D9F24DD23D946D50045E325 /* SlideAnimator.swift */; };
		5D9F24E023D95C2C0045E325 /* SlideSegue.swift in Sources */ = {isa = PBXBuildFile; fileRef = 5D9F24DF23D95C2C0045E325 /* SlideSegue.swift */; };
/* End PBXBuildFile section */

/* Begin PBXFileReference section */
		552B8A74E272015D7237BAFC /* Pods-Pingd.release.xcconfig */ = {isa = PBXFileReference; includeInIndex = 1; lastKnownFileType = text.xcconfig; name = "Pods-Pingd.release.xcconfig"; path = "Target Support Files/Pods-Pingd/Pods-Pingd.release.xcconfig"; sourceTree = "<group>"; };
		5D39EDE923CC03FA00043218 /* Pingd.app */ = {isa = PBXFileReference; explicitFileType = wrapper.application; includeInIndex = 0; path = Pingd.app; sourceTree = BUILT_PRODUCTS_DIR; };
		5D39EDEC23CC03FA00043218 /* AppDelegate.swift */ = {isa = PBXFileReference; lastKnownFileType = sourcecode.swift; path = AppDelegate.swift; sourceTree = "<group>"; };
		5D39EDEE23CC03FA00043218 /* SceneDelegate.swift */ = {isa = PBXFileReference; lastKnownFileType = sourcecode.swift; path = SceneDelegate.swift; sourceTree = "<group>"; };
		5D39EDF323CC03FA00043218 /* Base */ = {isa = PBXFileReference; lastKnownFileType = file.storyboard; name = Base; path = Base.lproj/Main.storyboard; sourceTree = "<group>"; };
		5D39EDF523CC03FC00043218 /* Assets.xcassets */ = {isa = PBXFileReference; lastKnownFileType = folder.assetcatalog; path = Assets.xcassets; sourceTree = "<group>"; };
		5D39EDF823CC03FC00043218 /* Base */ = {isa = PBXFileReference; lastKnownFileType = file.storyboard; name = Base; path = Base.lproj/LaunchScreen.storyboard; sourceTree = "<group>"; };
		5D39EDFA23CC03FC00043218 /* Info.plist */ = {isa = PBXFileReference; lastKnownFileType = text.plist.xml; path = Info.plist; sourceTree = "<group>"; };
		5D39EE0423CC144800043218 /* unicode.arialr.ttf */ = {isa = PBXFileReference; lastKnownFileType = file; path = unicode.arialr.ttf; sourceTree = "<group>"; };
		5D39EE0623CD7B8D00043218 /* Pingd.entitlements */ = {isa = PBXFileReference; lastKnownFileType = text.plist.entitlements; path = Pingd.entitlements; sourceTree = "<group>"; };
		5D39EE0823CFF48100043218 /* Onboarding.storyboard */ = {isa = PBXFileReference; lastKnownFileType = file.storyboard; path = Onboarding.storyboard; sourceTree = "<group>"; };
		5D39EE0A23D0075000043218 /* OnboardingContentViewController.swift */ = {isa = PBXFileReference; lastKnownFileType = sourcecode.swift; path = OnboardingContentViewController.swift; sourceTree = "<group>"; };
		5D39EE0C23D00D7200043218 /* OnboardingPageViewController.swift */ = {isa = PBXFileReference; lastKnownFileType = sourcecode.swift; path = OnboardingPageViewController.swift; sourceTree = "<group>"; };
		5D39EE0E23D0123400043218 /* OnboardingViewController.swift */ = {isa = PBXFileReference; lastKnownFileType = sourcecode.swift; path = OnboardingViewController.swift; sourceTree = "<group>"; };
		5D39EE1023D0172000043218 /* MainViewController.swift */ = {isa = PBXFileReference; lastKnownFileType = sourcecode.swift; path = MainViewController.swift; sourceTree = "<group>"; };
		5D644B7C23E76822005F0720 /* Verify.storyboard */ = {isa = PBXFileReference; lastKnownFileType = file.storyboard; path = Verify.storyboard; sourceTree = "<group>"; };
		5D644B7E23E770F2005F0720 /* VerifyViewController.swift */ = {isa = PBXFileReference; lastKnownFileType = sourcecode.swift; path = VerifyViewController.swift; sourceTree = "<group>"; };
		5D9F24B723D3592E0045E325 /* Login.storyboard */ = {isa = PBXFileReference; lastKnownFileType = file.storyboard; path = Login.storyboard; sourceTree = "<group>"; };
		5D9F24B923D368100045E325 /* LoginViewController.swift */ = {isa = PBXFileReference; lastKnownFileType = sourcecode.swift; path = LoginViewController.swift; sourceTree = "<group>"; };
		5D9F24BC23D36C460045E325 /* UITextField.swift */ = {isa = PBXFileReference; lastKnownFileType = sourcecode.swift; path = UITextField.swift; sourceTree = "<group>"; };
		5D9F24C123D381700045E325 /* UIColor.swift */ = {isa = PBXFileReference; lastKnownFileType = sourcecode.swift; path = UIColor.swift; sourceTree = "<group>"; };
		5D9F24C423D5F57D0045E325 /* Register.storyboard */ = {isa = PBXFileReference; lastKnownFileType = file.storyboard; path = Register.storyboard; sourceTree = "<group>"; };
		5D9F24C623D617C10045E325 /* RegisterViewController.swift */ = {isa = PBXFileReference; lastKnownFileType = sourcecode.swift; path = RegisterViewController.swift; sourceTree = "<group>"; };
		5D9F24C823D618810045E325 /* RegisterPageViewController.swift */ = {isa = PBXFileReference; lastKnownFileType = sourcecode.swift; path = RegisterPageViewController.swift; sourceTree = "<group>"; };
		5D9F24CE23D650070045E325 /* RegisterContentViewController.swift */ = {isa = PBXFileReference; lastKnownFileType = sourcecode.swift; path = RegisterContentViewController.swift; sourceTree = "<group>"; };
		5D9F24D023D6CCF70045E325 /* UIButton.swift */ = {isa = PBXFileReference; lastKnownFileType = sourcecode.swift; path = UIButton.swift; sourceTree = "<group>"; };
		5D9F24D223D800040045E325 /* String.swift */ = {isa = PBXFileReference; lastKnownFileType = sourcecode.swift; path = String.swift; sourceTree = "<group>"; };
		5D9F24DD23D946D50045E325 /* SlideAnimator.swift */ = {isa = PBXFileReference; lastKnownFileType = sourcecode.swift; path = SlideAnimator.swift; sourceTree = "<group>"; };
		5D9F24DF23D95C2C0045E325 /* SlideSegue.swift */ = {isa = PBXFileReference; lastKnownFileType = sourcecode.swift; path = SlideSegue.swift; sourceTree = "<group>"; };
		A0A79F1ED3CABC0BBAA60029 /* Pods-Pingd.debug.xcconfig */ = {isa = PBXFileReference; includeInIndex = 1; lastKnownFileType = text.xcconfig; name = "Pods-Pingd.debug.xcconfig"; path = "Target Support Files/Pods-Pingd/Pods-Pingd.debug.xcconfig"; sourceTree = "<group>"; };
		C186E51211920017A893D995 /* Pods_Pingd.framework */ = {isa = PBXFileReference; explicitFileType = wrapper.framework; includeInIndex = 0; path = Pods_Pingd.framework; sourceTree = BUILT_PRODUCTS_DIR; };
/* End PBXFileReference section */

/* Begin PBXFrameworksBuildPhase section */
		5D39EDE623CC03FA00043218 /* Frameworks */ = {
			isa = PBXFrameworksBuildPhase;
			buildActionMask = 2147483647;
			files = (
				3166E15354AEF7EFE3138478 /* Pods_Pingd.framework in Frameworks */,
			);
			runOnlyForDeploymentPostprocessing = 0;
		};
/* End PBXFrameworksBuildPhase section */

/* Begin PBXGroup section */
		19944F0ABB2697E130FD9F7C /* Pods */ = {
			isa = PBXGroup;
			children = (
				A0A79F1ED3CABC0BBAA60029 /* Pods-Pingd.debug.xcconfig */,
				552B8A74E272015D7237BAFC /* Pods-Pingd.release.xcconfig */,
			);
			path = Pods;
			sourceTree = "<group>";
		};
		5D39EDE023CC03FA00043218 = {
			isa = PBXGroup;
			children = (
				5D39EDEB23CC03FA00043218 /* Pingd */,
				5D39EDEA23CC03FA00043218 /* Products */,
				19944F0ABB2697E130FD9F7C /* Pods */,
				E98E82D8A4B7B7F684E4DDEF /* Frameworks */,
			);
			sourceTree = "<group>";
		};
		5D39EDEA23CC03FA00043218 /* Products */ = {
			isa = PBXGroup;
			children = (
				5D39EDE923CC03FA00043218 /* Pingd.app */,
			);
			name = Products;
			sourceTree = "<group>";
		};
		5D39EDEB23CC03FA00043218 /* Pingd */ = {
			isa = PBXGroup;
			children = (
				5D644B7B23E76728005F0720 /* Verify */,
				5D9F24D423D9237D0045E325 /* Transitions */,
				5D9F24C323D5F5630045E325 /* Register */,
				5D9F24BB23D36C340045E325 /* Extensions */,
				5D9F24B623D359150045E325 /* Login */,
				5D9F24AE23D1905F0045E325 /* Main */,
				5D9F24AD23D1904F0045E325 /* Onboarding */,
				5D9F24AC23D1904A0045E325 /* App */,
				5D39EE0323CC13BF00043218 /* Fonts */,
			);
			path = Pingd;
			sourceTree = "<group>";
		};
		5D39EE0323CC13BF00043218 /* Fonts */ = {
			isa = PBXGroup;
			children = (
				5D39EE0423CC144800043218 /* unicode.arialr.ttf */,
			);
			path = Fonts;
			sourceTree = "<group>";
		};
		5D644B7B23E76728005F0720 /* Verify */ = {
			isa = PBXGroup;
			children = (
				5D644B7C23E76822005F0720 /* Verify.storyboard */,
				5D644B7E23E770F2005F0720 /* VerifyViewController.swift */,
			);
			path = Verify;
			sourceTree = "<group>";
		};
		5D9F24AC23D1904A0045E325 /* App */ = {
			isa = PBXGroup;
			children = (
				5D39EE0623CD7B8D00043218 /* Pingd.entitlements */,
				5D39EDEC23CC03FA00043218 /* AppDelegate.swift */,
				5D39EDEE23CC03FA00043218 /* SceneDelegate.swift */,
				5D39EDF523CC03FC00043218 /* Assets.xcassets */,
				5D39EDF723CC03FC00043218 /* LaunchScreen.storyboard */,
				5D39EDFA23CC03FC00043218 /* Info.plist */,
			);
			path = App;
			sourceTree = "<group>";
		};
		5D9F24AD23D1904F0045E325 /* Onboarding */ = {
			isa = PBXGroup;
			children = (
				5D39EE0823CFF48100043218 /* Onboarding.storyboard */,
				5D39EE0A23D0075000043218 /* OnboardingContentViewController.swift */,
				5D39EE0C23D00D7200043218 /* OnboardingPageViewController.swift */,
				5D39EE0E23D0123400043218 /* OnboardingViewController.swift */,
			);
			path = Onboarding;
			sourceTree = "<group>";
		};
		5D9F24AE23D1905F0045E325 /* Main */ = {
			isa = PBXGroup;
			children = (
				5D39EDF223CC03FA00043218 /* Main.storyboard */,
				5D39EE1023D0172000043218 /* MainViewController.swift */,
			);
			path = Main;
			sourceTree = "<group>";
		};
		5D9F24B623D359150045E325 /* Login */ = {
			isa = PBXGroup;
			children = (
				5D9F24B723D3592E0045E325 /* Login.storyboard */,
				5D9F24B923D368100045E325 /* LoginViewController.swift */,
			);
			path = Login;
			sourceTree = "<group>";
		};
		5D9F24BB23D36C340045E325 /* Extensions */ = {
			isa = PBXGroup;
			children = (
				5D9F24BC23D36C460045E325 /* UITextField.swift */,
				5D9F24C123D381700045E325 /* UIColor.swift */,
				5D9F24D023D6CCF70045E325 /* UIButton.swift */,
				5D9F24D223D800040045E325 /* String.swift */,
			);
			path = Extensions;
			sourceTree = "<group>";
		};
		5D9F24C323D5F5630045E325 /* Register */ = {
			isa = PBXGroup;
			children = (
				5D9F24C423D5F57D0045E325 /* Register.storyboard */,
				5D9F24C623D617C10045E325 /* RegisterViewController.swift */,
				5D9F24C823D618810045E325 /* RegisterPageViewController.swift */,
				5D9F24CE23D650070045E325 /* RegisterContentViewController.swift */,
			);
			path = Register;
			sourceTree = "<group>";
		};
		5D9F24D423D9237D0045E325 /* Transitions */ = {
			isa = PBXGroup;
			children = (
				5D9F24DD23D946D50045E325 /* SlideAnimator.swift */,
				5D9F24DF23D95C2C0045E325 /* SlideSegue.swift */,
			);
			path = Transitions;
			sourceTree = "<group>";
		};
		E98E82D8A4B7B7F684E4DDEF /* Frameworks */ = {
			isa = PBXGroup;
			children = (
				C186E51211920017A893D995 /* Pods_Pingd.framework */,
			);
			name = Frameworks;
			sourceTree = "<group>";
		};
/* End PBXGroup section */

/* Begin PBXNativeTarget section */
		5D39EDE823CC03FA00043218 /* Pingd */ = {
			isa = PBXNativeTarget;
			buildConfigurationList = 5D39EDFD23CC03FC00043218 /* Build configuration list for PBXNativeTarget "Pingd" */;
			buildPhases = (
				B719DE272B8370959D36B3A6 /* [CP] Check Pods Manifest.lock */,
				5D39EDE523CC03FA00043218 /* Sources */,
				5D39EDE623CC03FA00043218 /* Frameworks */,
				5D39EDE723CC03FA00043218 /* Resources */,
				276B303368C57A25FDCBCD1D /* [CP] Embed Pods Frameworks */,
			);
			buildRules = (
			);
			dependencies = (
			);
			name = Pingd;
			productName = Pingd;
			productReference = 5D39EDE923CC03FA00043218 /* Pingd.app */;
			productType = "com.apple.product-type.application";
		};
/* End PBXNativeTarget section */

/* Begin PBXProject section */
		5D39EDE123CC03FA00043218 /* Project object */ = {
			isa = PBXProject;
			attributes = {
				LastSwiftUpdateCheck = 1130;
				LastUpgradeCheck = 1130;
				ORGANIZATIONNAME = "David Acevedo";
				TargetAttributes = {
					5D39EDE823CC03FA00043218 = {
						CreatedOnToolsVersion = 11.3;
					};
				};
			};
			buildConfigurationList = 5D39EDE423CC03FA00043218 /* Build configuration list for PBXProject "Pingd" */;
			compatibilityVersion = "Xcode 9.3";
			developmentRegion = en;
			hasScannedForEncodings = 0;
			knownRegions = (
				en,
				Base,
			);
			mainGroup = 5D39EDE023CC03FA00043218;
			productRefGroup = 5D39EDEA23CC03FA00043218 /* Products */;
			projectDirPath = "";
			projectRoot = "";
			targets = (
				5D39EDE823CC03FA00043218 /* Pingd */,
			);
		};
/* End PBXProject section */

/* Begin PBXResourcesBuildPhase section */
		5D39EDE723CC03FA00043218 /* Resources */ = {
			isa = PBXResourcesBuildPhase;
			buildActionMask = 2147483647;
			files = (
				5D39EDF923CC03FC00043218 /* LaunchScreen.storyboard in Resources */,
				5D39EE0923CFF48100043218 /* Onboarding.storyboard in Resources */,
				5D9F24C523D5F57D0045E325 /* Register.storyboard in Resources */,
				5D9F24B823D3592E0045E325 /* Login.storyboard in Resources */,
				5D39EDF623CC03FC00043218 /* Assets.xcassets in Resources */,
				5D644B7D23E76822005F0720 /* Verify.storyboard in Resources */,
				5D39EE0523CC144800043218 /* unicode.arialr.ttf in Resources */,
				5D39EDF423CC03FA00043218 /* Main.storyboard in Resources */,
			);
			runOnlyForDeploymentPostprocessing = 0;
		};
/* End PBXResourcesBuildPhase section */

/* Begin PBXShellScriptBuildPhase section */
		276B303368C57A25FDCBCD1D /* [CP] Embed Pods Frameworks */ = {
			isa = PBXShellScriptBuildPhase;
			buildActionMask = 2147483647;
			files = (
			);
			inputFileListPaths = (
				"${PODS_ROOT}/Target Support Files/Pods-Pingd/Pods-Pingd-frameworks-${CONFIGURATION}-input-files.xcfilelist",
			);
			name = "[CP] Embed Pods Frameworks";
			outputFileListPaths = (
				"${PODS_ROOT}/Target Support Files/Pods-Pingd/Pods-Pingd-frameworks-${CONFIGURATION}-output-files.xcfilelist",
			);
			runOnlyForDeploymentPostprocessing = 0;
			shellPath = /bin/sh;
			shellScript = "\"${PODS_ROOT}/Target Support Files/Pods-Pingd/Pods-Pingd-frameworks.sh\"\n";
			showEnvVarsInLog = 0;
		};
		B719DE272B8370959D36B3A6 /* [CP] Check Pods Manifest.lock */ = {
			isa = PBXShellScriptBuildPhase;
			buildActionMask = 2147483647;
			files = (
			);
			inputFileListPaths = (
			);
			inputPaths = (
				"${PODS_PODFILE_DIR_PATH}/Podfile.lock",
				"${PODS_ROOT}/Manifest.lock",
			);
			name = "[CP] Check Pods Manifest.lock";
			outputFileListPaths = (
			);
			outputPaths = (
				"$(DERIVED_FILE_DIR)/Pods-Pingd-checkManifestLockResult.txt",
			);
			runOnlyForDeploymentPostprocessing = 0;
			shellPath = /bin/sh;
			shellScript = "diff \"${PODS_PODFILE_DIR_PATH}/Podfile.lock\" \"${PODS_ROOT}/Manifest.lock\" > /dev/null\nif [ $? != 0 ] ; then\n    # print error to STDERR\n    echo \"error: The sandbox is not in sync with the Podfile.lock. Run 'pod install' or update your CocoaPods installation.\" >&2\n    exit 1\nfi\n# This output is used by Xcode 'outputs' to avoid re-running this script phase.\necho \"SUCCESS\" > \"${SCRIPT_OUTPUT_FILE_0}\"\n";
			showEnvVarsInLog = 0;
		};
/* End PBXShellScriptBuildPhase section */

/* Begin PBXSourcesBuildPhase section */
		5D39EDE523CC03FA00043218 /* Sources */ = {
			isa = PBXSourcesBuildPhase;
			buildActionMask = 2147483647;
			files = (
				5D9F24BA23D368100045E325 /* LoginViewController.swift in Sources */,
				5D9F24D123D6CCF80045E325 /* UIButton.swift in Sources */,
				5D9F24C723D617C10045E325 /* RegisterViewController.swift in Sources */,
				5D39EE0F23D0123400043218 /* OnboardingViewController.swift in Sources */,
				5D9F24D323D800050045E325 /* String.swift in Sources */,
				5D39EE0B23D0075000043218 /* OnboardingContentViewController.swift in Sources */,
				5D9F24BD23D36C460045E325 /* UITextField.swift in Sources */,
				5D9F24C923D618810045E325 /* RegisterPageViewController.swift in Sources */,
				5D9F24C223D381700045E325 /* UIColor.swift in Sources */,
				5D9F24CF23D650070045E325 /* RegisterContentViewController.swift in Sources */,
				5D39EE0D23D00D7200043218 /* OnboardingPageViewController.swift in Sources */,
				5D644B7F23E770F2005F0720 /* VerifyViewController.swift in Sources */,
				5D39EE1123D0172000043218 /* MainViewController.swift in Sources */,
				5D39EDED23CC03FA00043218 /* AppDelegate.swift in Sources */,
				5D9F24E023D95C2C0045E325 /* SlideSegue.swift in Sources */,
				5D39EDEF23CC03FA00043218 /* SceneDelegate.swift in Sources */,
				5D9F24DE23D946D60045E325 /* SlideAnimator.swift in Sources */,
			);
			runOnlyForDeploymentPostprocessing = 0;
		};
/* End PBXSourcesBuildPhase section */

/* Begin PBXVariantGroup section */
		5D39EDF223CC03FA00043218 /* Main.storyboard */ = {
			isa = PBXVariantGroup;
			children = (
				5D39EDF323CC03FA00043218 /* Base */,
			);
			name = Main.storyboard;
			sourceTree = "<group>";
		};
		5D39EDF723CC03FC00043218 /* LaunchScreen.storyboard */ = {
			isa = PBXVariantGroup;
			children = (
				5D39EDF823CC03FC00043218 /* Base */,
			);
			name = LaunchScreen.storyboard;
			sourceTree = "<group>";
		};
/* End PBXVariantGroup section */

/* Begin XCBuildConfiguration section */
		5D39EDFB23CC03FC00043218 /* Debug */ = {
			isa = XCBuildConfiguration;
			buildSettings = {
				ALWAYS_SEARCH_USER_PATHS = NO;
				CLANG_ANALYZER_NONNULL = YES;
				CLANG_ANALYZER_NUMBER_OBJECT_CONVERSION = YES_AGGRESSIVE;
				CLANG_CXX_LANGUAGE_STANDARD = "gnu++14";
				CLANG_CXX_LIBRARY = "libc++";
				CLANG_ENABLE_MODULES = YES;
				CLANG_ENABLE_OBJC_ARC = YES;
				CLANG_ENABLE_OBJC_WEAK = YES;
				CLANG_WARN_BLOCK_CAPTURE_AUTORELEASING = YES;
				CLANG_WARN_BOOL_CONVERSION = YES;
				CLANG_WARN_COMMA = YES;
				CLANG_WARN_CONSTANT_CONVERSION = YES;
				CLANG_WARN_DEPRECATED_OBJC_IMPLEMENTATIONS = YES;
				CLANG_WARN_DIRECT_OBJC_ISA_USAGE = YES_ERROR;
				CLANG_WARN_DOCUMENTATION_COMMENTS = YES;
				CLANG_WARN_EMPTY_BODY = YES;
				CLANG_WARN_ENUM_CONVERSION = YES;
				CLANG_WARN_INFINITE_RECURSION = YES;
				CLANG_WARN_INT_CONVERSION = YES;
				CLANG_WARN_NON_LITERAL_NULL_CONVERSION = YES;
				CLANG_WARN_OBJC_IMPLICIT_RETAIN_SELF = YES;
				CLANG_WARN_OBJC_LITERAL_CONVERSION = YES;
				CLANG_WARN_OBJC_ROOT_CLASS = YES_ERROR;
				CLANG_WARN_RANGE_LOOP_ANALYSIS = YES;
				CLANG_WARN_STRICT_PROTOTYPES = YES;
				CLANG_WARN_SUSPICIOUS_MOVE = YES;
				CLANG_WARN_UNGUARDED_AVAILABILITY = YES_AGGRESSIVE;
				CLANG_WARN_UNREACHABLE_CODE = YES;
				CLANG_WARN__DUPLICATE_METHOD_MATCH = YES;
				COPY_PHASE_STRIP = NO;
				DEBUG_INFORMATION_FORMAT = dwarf;
				ENABLE_STRICT_OBJC_MSGSEND = YES;
				ENABLE_TESTABILITY = YES;
				GCC_C_LANGUAGE_STANDARD = gnu11;
				GCC_DYNAMIC_NO_PIC = NO;
				GCC_NO_COMMON_BLOCKS = YES;
				GCC_OPTIMIZATION_LEVEL = 0;
				GCC_PREPROCESSOR_DEFINITIONS = (
					"DEBUG=1",
					"$(inherited)",
				);
				GCC_WARN_64_TO_32_BIT_CONVERSION = YES;
				GCC_WARN_ABOUT_RETURN_TYPE = YES_ERROR;
				GCC_WARN_UNDECLARED_SELECTOR = YES;
				GCC_WARN_UNINITIALIZED_AUTOS = YES_AGGRESSIVE;
				GCC_WARN_UNUSED_FUNCTION = YES;
				GCC_WARN_UNUSED_VARIABLE = YES;
				IPHONEOS_DEPLOYMENT_TARGET = 13.2;
				MTL_ENABLE_DEBUG_INFO = INCLUDE_SOURCE;
				MTL_FAST_MATH = YES;
				ONLY_ACTIVE_ARCH = YES;
				SDKROOT = iphoneos;
				SWIFT_ACTIVE_COMPILATION_CONDITIONS = DEBUG;
				SWIFT_OPTIMIZATION_LEVEL = "-Onone";
			};
			name = Debug;
		};
		5D39EDFC23CC03FC00043218 /* Release */ = {
			isa = XCBuildConfiguration;
			buildSettings = {
				ALWAYS_SEARCH_USER_PATHS = NO;
				CLANG_ANALYZER_NONNULL = YES;
				CLANG_ANALYZER_NUMBER_OBJECT_CONVERSION = YES_AGGRESSIVE;
				CLANG_CXX_LANGUAGE_STANDARD = "gnu++14";
				CLANG_CXX_LIBRARY = "libc++";
				CLANG_ENABLE_MODULES = YES;
				CLANG_ENABLE_OBJC_ARC = YES;
				CLANG_ENABLE_OBJC_WEAK = YES;
				CLANG_WARN_BLOCK_CAPTURE_AUTORELEASING = YES;
				CLANG_WARN_BOOL_CONVERSION = YES;
				CLANG_WARN_COMMA = YES;
				CLANG_WARN_CONSTANT_CONVERSION = YES;
				CLANG_WARN_DEPRECATED_OBJC_IMPLEMENTATIONS = YES;
				CLANG_WARN_DIRECT_OBJC_ISA_USAGE = YES_ERROR;
				CLANG_WARN_DOCUMENTATION_COMMENTS = YES;
				CLANG_WARN_EMPTY_BODY = YES;
				CLANG_WARN_ENUM_CONVERSION = YES;
				CLANG_WARN_INFINITE_RECURSION = YES;
				CLANG_WARN_INT_CONVERSION = YES;
				CLANG_WARN_NON_LITERAL_NULL_CONVERSION = YES;
				CLANG_WARN_OBJC_IMPLICIT_RETAIN_SELF = YES;
				CLANG_WARN_OBJC_LITERAL_CONVERSION = YES;
				CLANG_WARN_OBJC_ROOT_CLASS = YES_ERROR;
				CLANG_WARN_RANGE_LOOP_ANALYSIS = YES;
				CLANG_WARN_STRICT_PROTOTYPES = YES;
				CLANG_WARN_SUSPICIOUS_MOVE = YES;
				CLANG_WARN_UNGUARDED_AVAILABILITY = YES_AGGRESSIVE;
				CLANG_WARN_UNREACHABLE_CODE = YES;
				CLANG_WARN__DUPLICATE_METHOD_MATCH = YES;
				COPY_PHASE_STRIP = NO;
				DEBUG_INFORMATION_FORMAT = "dwarf-with-dsym";
				ENABLE_NS_ASSERTIONS = NO;
				ENABLE_STRICT_OBJC_MSGSEND = YES;
				GCC_C_LANGUAGE_STANDARD = gnu11;
				GCC_NO_COMMON_BLOCKS = YES;
				GCC_WARN_64_TO_32_BIT_CONVERSION = YES;
				GCC_WARN_ABOUT_RETURN_TYPE = YES_ERROR;
				GCC_WARN_UNDECLARED_SELECTOR = YES;
				GCC_WARN_UNINITIALIZED_AUTOS = YES_AGGRESSIVE;
				GCC_WARN_UNUSED_FUNCTION = YES;
				GCC_WARN_UNUSED_VARIABLE = YES;
				IPHONEOS_DEPLOYMENT_TARGET = 13.2;
				MTL_ENABLE_DEBUG_INFO = NO;
				MTL_FAST_MATH = YES;
				SDKROOT = iphoneos;
				SWIFT_COMPILATION_MODE = wholemodule;
				SWIFT_OPTIMIZATION_LEVEL = "-O";
				VALIDATE_PRODUCT = YES;
			};
			name = Release;
		};
		5D39EDFE23CC03FC00043218 /* Debug */ = {
			isa = XCBuildConfiguration;
			baseConfigurationReference = A0A79F1ED3CABC0BBAA60029 /* Pods-Pingd.debug.xcconfig */;
			buildSettings = {
				ASSETCATALOG_COMPILER_APPICON_NAME = AppIcon;
				CODE_SIGN_ENTITLEMENTS = Pingd/App/Pingd.entitlements;
				CODE_SIGN_STYLE = Automatic;
				DEVELOPMENT_TEAM = CNBPRX7D85;
				INFOPLIST_FILE = Pingd/App/Info.plist;
				LD_RUNPATH_SEARCH_PATHS = (
					"$(inherited)",
					"@executable_path/Frameworks",
				);
				PRODUCT_BUNDLE_IDENTIFIER = com.davidacevedo.Pingd;
				PRODUCT_NAME = "$(TARGET_NAME)";
				SWIFT_VERSION = 5.0;
				TARGETED_DEVICE_FAMILY = "1,2";
			};
			name = Debug;
		};
		5D39EDFF23CC03FC00043218 /* Release */ = {
			isa = XCBuildConfiguration;
			baseConfigurationReference = 552B8A74E272015D7237BAFC /* Pods-Pingd.release.xcconfig */;
			buildSettings = {
				ASSETCATALOG_COMPILER_APPICON_NAME = AppIcon;
				CODE_SIGN_ENTITLEMENTS = Pingd/App/Pingd.entitlements;
				CODE_SIGN_STYLE = Automatic;
				DEVELOPMENT_TEAM = CNBPRX7D85;
				INFOPLIST_FILE = Pingd/App/Info.plist;
				LD_RUNPATH_SEARCH_PATHS = (
					"$(inherited)",
					"@executable_path/Frameworks",
				);
				PRODUCT_BUNDLE_IDENTIFIER = com.davidacevedo.Pingd;
				PRODUCT_NAME = "$(TARGET_NAME)";
				SWIFT_VERSION = 5.0;
				TARGETED_DEVICE_FAMILY = "1,2";
			};
			name = Release;
		};
/* End XCBuildConfiguration section */

/* Begin XCConfigurationList section */
		5D39EDE423CC03FA00043218 /* Build configuration list for PBXProject "Pingd" */ = {
			isa = XCConfigurationList;
			buildConfigurations = (
				5D39EDFB23CC03FC00043218 /* Debug */,
				5D39EDFC23CC03FC00043218 /* Release */,
			);
			defaultConfigurationIsVisible = 0;
			defaultConfigurationName = Release;
		};
		5D39EDFD23CC03FC00043218 /* Build configuration list for PBXNativeTarget "Pingd" */ = {
			isa = XCConfigurationList;
			buildConfigurations = (
				5D39EDFE23CC03FC00043218 /* Debug */,
				5D39EDFF23CC03FC00043218 /* Release */,
			);
			defaultConfigurationIsVisible = 0;
			defaultConfigurationName = Release;
		};
/* End XCConfigurationList section */
	};
	rootObject = 5D39EDE123CC03FA00043218 /* Project object */;
}
